
Microsoft Visual Studio Solution File, Format Version 12.00
# Visual Studio Version 16
VisualStudioVersion = 16.0.31129.286
MinimumVisualStudioVersion = 10.0.40219.1
Project("{FAE04EC0-301F-11D3-BF4B-00C04F79EFBC}") = "Zadanie6", "Zadanie6.csproj", "{22FEFF0E-E6EF-4FED-8FE6-46BF23BE239E}"
EndProject
Global
	GlobalSection(SolutionConfigurationPlatforms) = preSolution
		Debug|Any CPU = Debug|Any CPU
		Release|Any CPU = Release|Any CPU
	EndGlobalSection
	GlobalSection(ProjectConfigurationPlatforms) = postSolution
		{22FEFF0E-E6EF-4FED-8FE6-46BF23BE239E}.Debug|Any CPU.ActiveCfg = Debug|Any CPU
		{22FEFF0E-E6EF-4FED-8FE6-46BF23BE239E}.Debug|Any CPU.Build.0 = Debug|Any CPU
		{22FEFF0E-E6EF-4FED-8FE6-46BF23BE239E}.Release|Any CPU.ActiveCfg = Release|Any CPU
		{22FEFF0E-E6EF-4FED-8FE6-46BF23BE239E}.Release|Any CPU.Build.0 = Release|Any CPU
	EndGlobalSection
	GlobalSection(SolutionProperties) = preSolution
		HideSolutionNode = FALSE
	EndGlobalSection
	GlobalSection(ExtensibilityGlobals) = postSolution
		SolutionGuid = {999FA893-ADEF-472C-8915-7D05B68E7468}
	EndGlobalSection
EndGlobal
